// !$*UTF8*$!
{
	archiveVersion = 1;
	classes = {
	};
	objectVersion = 50;
	objects = {

/* Begin PBXBuildFile section */
		7404B99625128BBD008B357B /* SearchViewController.swift in Sources */ = {isa = PBXBuildFile; fileRef = 7404B99525128BBC008B357B /* SearchViewController.swift */; };
		741CA8262510B6A600A98C96 /* AppDelegate.swift in Sources */ = {isa = PBXBuildFile; fileRef = 741CA8252510B6A600A98C96 /* AppDelegate.swift */; };
		741CA8282510B6A600A98C96 /* SceneDelegate.swift in Sources */ = {isa = PBXBuildFile; fileRef = 741CA8272510B6A600A98C96 /* SceneDelegate.swift */; };
		741CA82A2510B6A600A98C96 /* ViewController.swift in Sources */ = {isa = PBXBuildFile; fileRef = 741CA8292510B6A600A98C96 /* ViewController.swift */; };
		741CA82D2510B6A600A98C96 /* Main.storyboard in Resources */ = {isa = PBXBuildFile; fileRef = 741CA82B2510B6A600A98C96 /* Main.storyboard */; };
		741CA82F2510B6A800A98C96 /* Assets.xcassets in Resources */ = {isa = PBXBuildFile; fileRef = 741CA82E2510B6A800A98C96 /* Assets.xcassets */; };
		741CA8322510B6A800A98C96 /* LaunchScreen.storyboard in Resources */ = {isa = PBXBuildFile; fileRef = 741CA8302510B6A800A98C96 /* LaunchScreen.storyboard */; };
		741CA83D2510B6A800A98C96 /* DraftInfoTests.swift in Sources */ = {isa = PBXBuildFile; fileRef = 741CA83C2510B6A800A98C96 /* DraftInfoTests.swift */; };
		741CA8482510B6A800A98C96 /* DraftInfoUITests.swift in Sources */ = {isa = PBXBuildFile; fileRef = 741CA8472510B6A800A98C96 /* DraftInfoUITests.swift */; };
		7424649F2511F8C300489BF4 /* UIView.swift in Sources */ = {isa = PBXBuildFile; fileRef = 7424649E2511F8C300489BF4 /* UIView.swift */; };
		742464A12511FB3600489BF4 /* TableViewCell.swift in Sources */ = {isa = PBXBuildFile; fileRef = 742464A02511FB3600489BF4 /* TableViewCell.swift */; };
		7428FDD325132D8B0056F743 /* DataManager.swift in Sources */ = {isa = PBXBuildFile; fileRef = 7428FDD225132D8B0056F743 /* DataManager.swift */; };
/* End PBXBuildFile section */

/* Begin PBXContainerItemProxy section */
		741CA8392510B6A800A98C96 /* PBXContainerItemProxy */ = {
			isa = PBXContainerItemProxy;
			containerPortal = 741CA81A2510B6A600A98C96 /* Project object */;
			proxyType = 1;
			remoteGlobalIDString = 741CA8212510B6A600A98C96;
			remoteInfo = DraftInfo;
		};
		741CA8442510B6A800A98C96 /* PBXContainerItemProxy */ = {
			isa = PBXContainerItemProxy;
			containerPortal = 741CA81A2510B6A600A98C96 /* Project object */;
			proxyType = 1;
			remoteGlobalIDString = 741CA8212510B6A600A98C96;
			remoteInfo = DraftInfo;
		};
/* End PBXContainerItemProxy section */

/* Begin PBXFileReference section */
		7404B99525128BBC008B357B /* SearchViewController.swift */ = {isa = PBXFileReference; fileEncoding = 4; lastKnownFileType = sourcecode.swift; path = SearchViewController.swift; sourceTree = "<group>"; };
		741CA8222510B6A600A98C96 /* DraftInfo.app */ = {isa = PBXFileReference; explicitFileType = wrapper.application; includeInIndex = 0; path = DraftInfo.app; sourceTree = BUILT_PRODUCTS_DIR; };
		741CA8252510B6A600A98C96 /* AppDelegate.swift */ = {isa = PBXFileReference; lastKnownFileType = sourcecode.swift; path = AppDelegate.swift; sourceTree = "<group>"; };
		741CA8272510B6A600A98C96 /* SceneDelegate.swift */ = {isa = PBXFileReference; lastKnownFileType = sourcecode.swift; path = SceneDelegate.swift; sourceTree = "<group>"; };
		741CA8292510B6A600A98C96 /* ViewController.swift */ = {isa = PBXFileReference; lastKnownFileType = sourcecode.swift; path = ViewController.swift; sourceTree = "<group>"; };
		741CA82C2510B6A600A98C96 /* Base */ = {isa = PBXFileReference; lastKnownFileType = file.storyboard; name = Base; path = Base.lproj/Main.storyboard; sourceTree = "<group>"; };
		741CA82E2510B6A800A98C96 /* Assets.xcassets */ = {isa = PBXFileReference; lastKnownFileType = folder.assetcatalog; path = Assets.xcassets; sourceTree = "<group>"; };
		741CA8312510B6A800A98C96 /* Base */ = {isa = PBXFileReference; lastKnownFileType = file.storyboard; name = Base; path = Base.lproj/LaunchScreen.storyboard; sourceTree = "<group>"; };
		741CA8332510B6A800A98C96 /* Info.plist */ = {isa = PBXFileReference; lastKnownFileType = text.plist.xml; path = Info.plist; sourceTree = "<group>"; };
		741CA8382510B6A800A98C96 /* DraftInfoTests.xctest */ = {isa = PBXFileReference; explicitFileType = wrapper.cfbundle; includeInIndex = 0; path = DraftInfoTests.xctest; sourceTree = BUILT_PRODUCTS_DIR; };
		741CA83C2510B6A800A98C96 /* DraftInfoTests.swift */ = {isa = PBXFileReference; lastKnownFileType = sourcecode.swift; path = DraftInfoTests.swift; sourceTree = "<group>"; };
		741CA83E2510B6A800A98C96 /* Info.plist */ = {isa = PBXFileReference; lastKnownFileType = text.plist.xml; path = Info.plist; sourceTree = "<group>"; };
		741CA8432510B6A800A98C96 /* DraftInfoUITests.xctest */ = {isa = PBXFileReference; explicitFileType = wrapper.cfbundle; includeInIndex = 0; path = DraftInfoUITests.xctest; sourceTree = BUILT_PRODUCTS_DIR; };
		741CA8472510B6A800A98C96 /* DraftInfoUITests.swift */ = {isa = PBXFileReference; lastKnownFileType = sourcecode.swift; path = DraftInfoUITests.swift; sourceTree = "<group>"; };
		741CA8492510B6A800A98C96 /* Info.plist */ = {isa = PBXFileReference; lastKnownFileType = text.plist.xml; path = Info.plist; sourceTree = "<group>"; };
		7424649E2511F8C300489BF4 /* UIView.swift */ = {isa = PBXFileReference; lastKnownFileType = sourcecode.swift; path = UIView.swift; sourceTree = "<group>"; };
		742464A02511FB3600489BF4 /* TableViewCell.swift */ = {isa = PBXFileReference; lastKnownFileType = sourcecode.swift; path = TableViewCell.swift; sourceTree = "<group>"; };
		7428FDD225132D8B0056F743 /* DataManager.swift */ = {isa = PBXFileReference; lastKnownFileType = sourcecode.swift; path = DataManager.swift; sourceTree = "<group>"; };
/* End PBXFileReference section */

/* Begin PBXFrameworksBuildPhase section */
		741CA81F2510B6A600A98C96 /* Frameworks */ = {
			isa = PBXFrameworksBuildPhase;
			buildActionMask = 2147483647;
			files = (
			);
			runOnlyForDeploymentPostprocessing = 0;
		};
		741CA8352510B6A800A98C96 /* Frameworks */ = {
			isa = PBXFrameworksBuildPhase;
			buildActionMask = 2147483647;
			files = (
			);
			runOnlyForDeploymentPostprocessing = 0;
		};
		741CA8402510B6A800A98C96 /* Frameworks */ = {
			isa = PBXFrameworksBuildPhase;
			buildActionMask = 2147483647;
			files = (
			);
			runOnlyForDeploymentPostprocessing = 0;
		};
/* End PBXFrameworksBuildPhase section */

/* Begin PBXGroup section */
		741CA8192510B6A600A98C96 = {
			isa = PBXGroup;
			children = (
				741CA8242510B6A600A98C96 /* DraftInfo */,
				741CA83B2510B6A800A98C96 /* DraftInfoTests */,
				741CA8462510B6A800A98C96 /* DraftInfoUITests */,
				741CA8232510B6A600A98C96 /* Products */,
			);
			sourceTree = "<group>";
		};
		741CA8232510B6A600A98C96 /* Products */ = {
			isa = PBXGroup;
			children = (
				741CA8222510B6A600A98C96 /* DraftInfo.app */,
				741CA8382510B6A800A98C96 /* DraftInfoTests.xctest */,
				741CA8432510B6A800A98C96 /* DraftInfoUITests.xctest */,
			);
			name = Products;
			sourceTree = "<group>";
		};
		741CA8242510B6A600A98C96 /* DraftInfo */ = {
			isa = PBXGroup;
			children = (
				741CA8252510B6A600A98C96 /* AppDelegate.swift */,
				741CA8272510B6A600A98C96 /* SceneDelegate.swift */,
				741CA8292510B6A600A98C96 /* ViewController.swift */,
				7428FDD225132D8B0056F743 /* DataManager.swift */,
				742464A02511FB3600489BF4 /* TableViewCell.swift */,
				7404B99525128BBC008B357B /* SearchViewController.swift */,
				741CA82B2510B6A600A98C96 /* Main.storyboard */,
				7424649E2511F8C300489BF4 /* UIView.swift */,
				741CA82E2510B6A800A98C96 /* Assets.xcassets */,
				741CA8302510B6A800A98C96 /* LaunchScreen.storyboard */,
				741CA8332510B6A800A98C96 /* Info.plist */,
			);
			path = DraftInfo;
			sourceTree = "<group>";
		};
		741CA83B2510B6A800A98C96 /* DraftInfoTests */ = {
			isa = PBXGroup;
			children = (
				741CA83C2510B6A800A98C96 /* DraftInfoTests.swift */,
				741CA83E2510B6A800A98C96 /* Info.plist */,
			);
			path = DraftInfoTests;
			sourceTree = "<group>";
		};
		741CA8462510B6A800A98C96 /* DraftInfoUITests */ = {
			isa = PBXGroup;
			children = (
				741CA8472510B6A800A98C96 /* DraftInfoUITests.swift */,
				741CA8492510B6A800A98C96 /* Info.plist */,
			);
			path = DraftInfoUITests;
			sourceTree = "<group>";
		};
/* End PBXGroup section */

/* Begin PBXNativeTarget section */
		741CA8212510B6A600A98C96 /* DraftInfo */ = {
			isa = PBXNativeTarget;
			buildConfigurationList = 741CA84C2510B6A800A98C96 /* Build configuration list for PBXNativeTarget "DraftInfo" */;
			buildPhases = (
				741CA81E2510B6A600A98C96 /* Sources */,
				741CA81F2510B6A600A98C96 /* Frameworks */,
				741CA8202510B6A600A98C96 /* Resources */,
			);
			buildRules = (
			);
			dependencies = (
			);
			name = DraftInfo;
			productName = DraftInfo;
			productReference = 741CA8222510B6A600A98C96 /* DraftInfo.app */;
			productType = "com.apple.product-type.application";
		};
		741CA8372510B6A800A98C96 /* DraftInfoTests */ = {
			isa = PBXNativeTarget;
			buildConfigurationList = 741CA84F2510B6A800A98C96 /* Build configuration list for PBXNativeTarget "DraftInfoTests" */;
			buildPhases = (
				741CA8342510B6A800A98C96 /* Sources */,
				741CA8352510B6A800A98C96 /* Frameworks */,
				741CA8362510B6A800A98C96 /* Resources */,
			);
			buildRules = (
			);
			dependencies = (
				741CA83A2510B6A800A98C96 /* PBXTargetDependency */,
			);
			name = DraftInfoTests;
			productName = DraftInfoTests;
			productReference = 741CA8382510B6A800A98C96 /* DraftInfoTests.xctest */;
			productType = "com.apple.product-type.bundle.unit-test";
		};
		741CA8422510B6A800A98C96 /* DraftInfoUITests */ = {
			isa = PBXNativeTarget;
			buildConfigurationList = 741CA8522510B6A800A98C96 /* Build configuration list for PBXNativeTarget "DraftInfoUITests" */;
			buildPhases = (
				741CA83F2510B6A800A98C96 /* Sources */,
				741CA8402510B6A800A98C96 /* Frameworks */,
				741CA8412510B6A800A98C96 /* Resources */,
			);
			buildRules = (
			);
			dependencies = (
				741CA8452510B6A800A98C96 /* PBXTargetDependency */,
			);
			name = DraftInfoUITests;
			productName = DraftInfoUITests;
			productReference = 741CA8432510B6A800A98C96 /* DraftInfoUITests.xctest */;
			productType = "com.apple.product-type.bundle.ui-testing";
		};
/* End PBXNativeTarget section */

/* Begin PBXProject section */
		741CA81A2510B6A600A98C96 /* Project object */ = {
			isa = PBXProject;
			attributes = {
				LastSwiftUpdateCheck = 1170;
				LastUpgradeCheck = 1170;
				ORGANIZATIONNAME = "Krishna Kushwaha";
				TargetAttributes = {
					741CA8212510B6A600A98C96 = {
						CreatedOnToolsVersion = 11.7;
					};
					741CA8372510B6A800A98C96 = {
						CreatedOnToolsVersion = 11.7;
						TestTargetID = 741CA8212510B6A600A98C96;
					};
					741CA8422510B6A800A98C96 = {
						CreatedOnToolsVersion = 11.7;
						TestTargetID = 741CA8212510B6A600A98C96;
					};
				};
			};
			buildConfigurationList = 741CA81D2510B6A600A98C96 /* Build configuration list for PBXProject "DraftInfo" */;
			compatibilityVersion = "Xcode 9.3";
			developmentRegion = en;
			hasScannedForEncodings = 0;
			knownRegions = (
				en,
				Base,
			);
			mainGroup = 741CA8192510B6A600A98C96;
			productRefGroup = 741CA8232510B6A600A98C96 /* Products */;
			projectDirPath = "";
			projectRoot = "";
			targets = (
				741CA8212510B6A600A98C96 /* DraftInfo */,
				741CA8372510B6A800A98C96 /* DraftInfoTests */,
				741CA8422510B6A800A98C96 /* DraftInfoUITests */,
			);
		};
/* End PBXProject section */

/* Begin PBXResourcesBuildPhase section */
		741CA8202510B6A600A98C96 /* Resources */ = {
			isa = PBXResourcesBuildPhase;
			buildActionMask = 2147483647;
			files = (
				741CA8322510B6A800A98C96 /* LaunchScreen.storyboard in Resources */,
				741CA82F2510B6A800A98C96 /* Assets.xcassets in Resources */,
				741CA82D2510B6A600A98C96 /* Main.storyboard in Resources */,
			);
			runOnlyForDeploymentPostprocessing = 0;
		};
		741CA8362510B6A800A98C96 /* Resources */ = {
			isa = PBXResourcesBuildPhase;
			buildActionMask = 2147483647;
			files = (
			);
			runOnlyForDeploymentPostprocessing = 0;
		};
		741CA8412510B6A800A98C96 /* Resources */ = {
			isa = PBXResourcesBuildPhase;
			buildActionMask = 2147483647;
			files = (
			);
			runOnlyForDeploymentPostprocessing = 0;
		};
/* End PBXResourcesBuildPhase section */

/* Begin PBXSourcesBuildPhase section */
		741CA81E2510B6A600A98C96 /* Sources */ = {
			isa = PBXSourcesBuildPhase;
			buildActionMask = 2147483647;
			files = (
				7404B99625128BBD008B357B /* SearchViewController.swift in Sources */,
				742464A12511FB3600489BF4 /* TableViewCell.swift in Sources */,
				7424649F2511F8C300489BF4 /* UIView.swift in Sources */,
				7428FDD325132D8B0056F743 /* DataManager.swift in Sources */,
				741CA82A2510B6A600A98C96 /* ViewController.swift in Sources */,
				741CA8262510B6A600A98C96 /* AppDelegate.swift in Sources */,
				741CA8282510B6A600A98C96 /* SceneDelegate.swift in Sources */,
			);
			runOnlyForDeploymentPostprocessing = 0;
		};
		741CA8342510B6A800A98C96 /* Sources */ = {
			isa = PBXSourcesBuildPhase;
			buildActionMask = 2147483647;
			files = (
				741CA83D2510B6A800A98C96 /* DraftInfoTests.swift in Sources */,
			);
			runOnlyForDeploymentPostprocessing = 0;
		};
		741CA83F2510B6A800A98C96 /* Sources */ = {
			isa = PBXSourcesBuildPhase;
			buildActionMask = 2147483647;
			files = (
				741CA8482510B6A800A98C96 /* DraftInfoUITests.swift in Sources */,
			);
			runOnlyForDeploymentPostprocessing = 0;
		};
/* End PBXSourcesBuildPhase section */

/* Begin PBXTargetDependency section */
		741CA83A2510B6A800A98C96 /* PBXTargetDependency */ = {
			isa = PBXTargetDependency;
			target = 741CA8212510B6A600A98C96 /* DraftInfo */;
			targetProxy = 741CA8392510B6A800A98C96 /* PBXContainerItemProxy */;
		};
		741CA8452510B6A800A98C96 /* PBXTargetDependency */ = {
			isa = PBXTargetDependency;
			target = 741CA8212510B6A600A98C96 /* DraftInfo */;
			targetProxy = 741CA8442510B6A800A98C96 /* PBXContainerItemProxy */;
		};
/* End PBXTargetDependency section */

/* Begin PBXVariantGroup section */
		741CA82B2510B6A600A98C96 /* Main.storyboard */ = {
			isa = PBXVariantGroup;
			children = (
				741CA82C2510B6A600A98C96 /* Base */,
			);
			name = Main.storyboard;
			sourceTree = "<group>";
		};
		741CA8302510B6A800A98C96 /* LaunchScreen.storyboard */ = {
			isa = PBXVariantGroup;
			children = (
				741CA8312510B6A800A98C96 /* Base */,
			);
			name = LaunchScreen.storyboard;
			sourceTree = "<group>";
		};
/* End PBXVariantGroup section */

/* Begin XCBuildConfiguration section */
		741CA84A2510B6A800A98C96 /* Debug */ = {
			isa = XCBuildConfiguration;
			buildSettings = {
				ALWAYS_SEARCH_USER_PATHS = NO;
				CLANG_ANALYZER_NONNULL = YES;
				CLANG_ANALYZER_NUMBER_OBJECT_CONVERSION = YES_AGGRESSIVE;
				CLANG_CXX_LANGUAGE_STANDARD = "gnu++14";
				CLANG_CXX_LIBRARY = "libc++";
				CLANG_ENABLE_MODULES = YES;
				CLANG_ENABLE_OBJC_ARC = YES;
				CLANG_ENABLE_OBJC_WEAK = YES;
				CLANG_WARN_BLOCK_CAPTURE_AUTORELEASING = YES;
				CLANG_WARN_BOOL_CONVERSION = YES;
				CLANG_WARN_COMMA = YES;
				CLANG_WARN_CONSTANT_CONVERSION = YES;
				CLANG_WARN_DEPRECATED_OBJC_IMPLEMENTATIONS = YES;
				CLANG_WARN_DIRECT_OBJC_ISA_USAGE = YES_ERROR;
				CLANG_WARN_DOCUMENTATION_COMMENTS = YES;
				CLANG_WARN_EMPTY_BODY = YES;
				CLANG_WARN_ENUM_CONVERSION = YES;
				CLANG_WARN_INFINITE_RECURSION = YES;
				CLANG_WARN_INT_CONVERSION = YES;
				CLANG_WARN_NON_LITERAL_NULL_CONVERSION = YES;
				CLANG_WARN_OBJC_IMPLICIT_RETAIN_SELF = YES;
				CLANG_WARN_OBJC_LITERAL_CONVERSION = YES;
				CLANG_WARN_OBJC_ROOT_CLASS = YES_ERROR;
				CLANG_WARN_RANGE_LOOP_ANALYSIS = YES;
				CLANG_WARN_STRICT_PROTOTYPES = YES;
				CLANG_WARN_SUSPICIOUS_MOVE = YES;
				CLANG_WARN_UNGUARDED_AVAILABILITY = YES_AGGRESSIVE;
				CLANG_WARN_UNREACHABLE_CODE = YES;
				CLANG_WARN__DUPLICATE_METHOD_MATCH = YES;
				COPY_PHASE_STRIP = NO;
				DEBUG_INFORMATION_FORMAT = dwarf;
				ENABLE_STRICT_OBJC_MSGSEND = YES;
				ENABLE_TESTABILITY = YES;
				GCC_C_LANGUAGE_STANDARD = gnu11;
				GCC_DYNAMIC_NO_PIC = NO;
				GCC_NO_COMMON_BLOCKS = YES;
				GCC_OPTIMIZATION_LEVEL = 0;
				GCC_PREPROCESSOR_DEFINITIONS = (
					"DEBUG=1",
					"$(inherited)",
				);
				GCC_WARN_64_TO_32_BIT_CONVERSION = YES;
				GCC_WARN_ABOUT_RETURN_TYPE = YES_ERROR;
				GCC_WARN_UNDECLARED_SELECTOR = YES;
				GCC_WARN_UNINITIALIZED_AUTOS = YES_AGGRESSIVE;
				GCC_WARN_UNUSED_FUNCTION = YES;
				GCC_WARN_UNUSED_VARIABLE = YES;
				IPHONEOS_DEPLOYMENT_TARGET = 13.7;
				MTL_ENABLE_DEBUG_INFO = INCLUDE_SOURCE;
				MTL_FAST_MATH = YES;
				ONLY_ACTIVE_ARCH = YES;
				SDKROOT = iphoneos;
				SWIFT_ACTIVE_COMPILATION_CONDITIONS = DEBUG;
				SWIFT_OPTIMIZATION_LEVEL = "-Onone";
			};
			name = Debug;
		};
		741CA84B2510B6A800A98C96 /* Release */ = {
			isa = XCBuildConfiguration;
			buildSettings = {
				ALWAYS_SEARCH_USER_PATHS = NO;
				CLANG_ANALYZER_NONNULL = YES;
				CLANG_ANALYZER_NUMBER_OBJECT_CONVERSION = YES_AGGRESSIVE;
				CLANG_CXX_LANGUAGE_STANDARD = "gnu++14";
				CLANG_CXX_LIBRARY = "libc++";
				CLANG_ENABLE_MODULES = YES;
				CLANG_ENABLE_OBJC_ARC = YES;
				CLANG_ENABLE_OBJC_WEAK = YES;
				CLANG_WARN_BLOCK_CAPTURE_AUTORELEASING = YES;
				CLANG_WARN_BOOL_CONVERSION = YES;
				CLANG_WARN_COMMA = YES;
				CLANG_WARN_CONSTANT_CONVERSION = YES;
				CLANG_WARN_DEPRECATED_OBJC_IMPLEMENTATIONS = YES;
				CLANG_WARN_DIRECT_OBJC_ISA_USAGE = YES_ERROR;
				CLANG_WARN_DOCUMENTATION_COMMENTS = YES;
				CLANG_WARN_EMPTY_BODY = YES;
				CLANG_WARN_ENUM_CONVERSION = YES;
				CLANG_WARN_INFINITE_RECURSION = YES;
				CLANG_WARN_INT_CONVERSION = YES;
				CLANG_WARN_NON_LITERAL_NULL_CONVERSION = YES;
				CLANG_WARN_OBJC_IMPLICIT_RETAIN_SELF = YES;
				CLANG_WARN_OBJC_LITERAL_CONVERSION = YES;
				CLANG_WARN_OBJC_ROOT_CLASS = YES_ERROR;
				CLANG_WARN_RANGE_LOOP_ANALYSIS = YES;
				CLANG_WARN_STRICT_PROTOTYPES = YES;
				CLANG_WARN_SUSPICIOUS_MOVE = YES;
				CLANG_WARN_UNGUARDED_AVAILABILITY = YES_AGGRESSIVE;
				CLANG_WARN_UNREACHABLE_CODE = YES;
				CLANG_WARN__DUPLICATE_METHOD_MATCH = YES;
				COPY_PHASE_STRIP = NO;
				DEBUG_INFORMATION_FORMAT = "dwarf-with-dsym";
				ENABLE_NS_ASSERTIONS = NO;
				ENABLE_STRICT_OBJC_MSGSEND = YES;
				GCC_C_LANGUAGE_STANDARD = gnu11;
				GCC_NO_COMMON_BLOCKS = YES;
				GCC_WARN_64_TO_32_BIT_CONVERSION = YES;
				GCC_WARN_ABOUT_RETURN_TYPE = YES_ERROR;
				GCC_WARN_UNDECLARED_SELECTOR = YES;
				GCC_WARN_UNINITIALIZED_AUTOS = YES_AGGRESSIVE;
				GCC_WARN_UNUSED_FUNCTION = YES;
				GCC_WARN_UNUSED_VARIABLE = YES;
				IPHONEOS_DEPLOYMENT_TARGET = 13.7;
				MTL_ENABLE_DEBUG_INFO = NO;
				MTL_FAST_MATH = YES;
				SDKROOT = iphoneos;
				SWIFT_COMPILATION_MODE = wholemodule;
				SWIFT_OPTIMIZATION_LEVEL = "-O";
				VALIDATE_PRODUCT = YES;
			};
			name = Release;
		};
		741CA84D2510B6A800A98C96 /* Debug */ = {
			isa = XCBuildConfiguration;
			buildSettings = {
				ASSETCATALOG_COMPILER_APPICON_NAME = AppIcon;
				CODE_SIGN_STYLE = Automatic;
				INFOPLIST_FILE = DraftInfo/Info.plist;
				LD_RUNPATH_SEARCH_PATHS = (
					"$(inherited)",
					"@executable_path/Frameworks",
				);
				PRODUCT_BUNDLE_IDENTIFIER = com.iosdev.DraftInfo;
				PRODUCT_NAME = "$(TARGET_NAME)";
				SWIFT_VERSION = 5.0;
				TARGETED_DEVICE_FAMILY = "1,2";
			};
			name = Debug;
		};
		741CA84E2510B6A800A98C96 /* Release */ = {
			isa = XCBuildConfiguration;
			buildSettings = {
				ASSETCATALOG_COMPILER_APPICON_NAME = AppIcon;
				CODE_SIGN_STYLE = Automatic;
				INFOPLIST_FILE = DraftInfo/Info.plist;
				LD_RUNPATH_SEARCH_PATHS = (
					"$(inherited)",
					"@executable_path/Frameworks",
				);
				PRODUCT_BUNDLE_IDENTIFIER = com.iosdev.DraftInfo;
				PRODUCT_NAME = "$(TARGET_NAME)";
				SWIFT_VERSION = 5.0;
				TARGETED_DEVICE_FAMILY = "1,2";
			};
			name = Release;
		};
		741CA8502510B6A800A98C96 /* Debug */ = {
			isa = XCBuildConfiguration;
			buildSettings = {
				ALWAYS_EMBED_SWIFT_STANDARD_LIBRARIES = YES;
				BUNDLE_LOADER = "$(TEST_HOST)";
				CODE_SIGN_STYLE = Automatic;
				INFOPLIST_FILE = DraftInfoTests/Info.plist;
				IPHONEOS_DEPLOYMENT_TARGET = 13.7;
				LD_RUNPATH_SEARCH_PATHS = (
					"$(inherited)",
					"@executable_path/Frameworks",
					"@loader_path/Frameworks",
				);
				PRODUCT_BUNDLE_IDENTIFIER = com.iosdev.DraftInfoTests;
				PRODUCT_NAME = "$(TARGET_NAME)";
				SWIFT_VERSION = 5.0;
				TARGETED_DEVICE_FAMILY = "1,2";
				TEST_HOST = "$(BUILT_PRODUCTS_DIR)/DraftInfo.app/DraftInfo";
			};
			name = Debug;
		};
		741CA8512510B6A800A98C96 /* Release */ = {
			isa = XCBuildConfiguration;
			buildSettings = {
				ALWAYS_EMBED_SWIFT_STANDARD_LIBRARIES = YES;
				BUNDLE_LOADER = "$(TEST_HOST)";
				CODE_SIGN_STYLE = Automatic;
				INFOPLIST_FILE = DraftInfoTests/Info.plist;
				IPHONEOS_DEPLOYMENT_TARGET = 13.7;
				LD_RUNPATH_SEARCH_PATHS = (
					"$(inherited)",
					"@executable_path/Frameworks",
					"@loader_path/Frameworks",
				);
				PRODUCT_BUNDLE_IDENTIFIER = com.iosdev.DraftInfoTests;
				PRODUCT_NAME = "$(TARGET_NAME)";
				SWIFT_VERSION = 5.0;
				TARGETED_DEVICE_FAMILY = "1,2";
				TEST_HOST = "$(BUILT_PRODUCTS_DIR)/DraftInfo.app/DraftInfo";
			};
			name = Release;
		};
		741CA8532510B6A800A98C96 /* Debug */ = {
			isa = XCBuildConfiguration;
			buildSettings = {
				ALWAYS_EMBED_SWIFT_STANDARD_LIBRARIES = YES;
				CODE_SIGN_STYLE = Automatic;
				INFOPLIST_FILE = DraftInfoUITests/Info.plist;
				LD_RUNPATH_SEARCH_PATHS = (
					"$(inherited)",
					"@executable_path/Frameworks",
					"@loader_path/Frameworks",
				);
				PRODUCT_BUNDLE_IDENTIFIER = com.iosdev.DraftInfoUITests;
				PRODUCT_NAME = "$(TARGET_NAME)";
				SWIFT_VERSION = 5.0;
				TARGETED_DEVICE_FAMILY = "1,2";
				TEST_TARGET_NAME = DraftInfo;
			};
			name = Debug;
		};
		741CA8542510B6A800A98C96 /* Release */ = {
			isa = XCBuildConfiguration;
			buildSettings = {
				ALWAYS_EMBED_SWIFT_STANDARD_LIBRARIES = YES;
				CODE_SIGN_STYLE = Automatic;
				INFOPLIST_FILE = DraftInfoUITests/Info.plist;
				LD_RUNPATH_SEARCH_PATHS = (
					"$(inherited)",
					"@executable_path/Frameworks",
					"@loader_path/Frameworks",
				);
				PRODUCT_BUNDLE_IDENTIFIER = com.iosdev.DraftInfoUITests;
				PRODUCT_NAME = "$(TARGET_NAME)";
				SWIFT_VERSION = 5.0;
				TARGETED_DEVICE_FAMILY = "1,2";
				TEST_TARGET_NAME = DraftInfo;
			};
			name = Release;
		};
/* End XCBuildConfiguration section */

/* Begin XCConfigurationList section */
		741CA81D2510B6A600A98C96 /* Build configuration list for PBXProject "DraftInfo" */ = {
			isa = XCConfigurationList;
			buildConfigurations = (
				741CA84A2510B6A800A98C96 /* Debug */,
				741CA84B2510B6A800A98C96 /* Release */,
			);
			defaultConfigurationIsVisible = 0;
			defaultConfigurationName = Release;
		};
		741CA84C2510B6A800A98C96 /* Build configuration list for PBXNativeTarget "DraftInfo" */ = {
			isa = XCConfigurationList;
			buildConfigurations = (
				741CA84D2510B6A800A98C96 /* Debug */,
				741CA84E2510B6A800A98C96 /* Release */,
			);
			defaultConfigurationIsVisible = 0;
			defaultConfigurationName = Release;
		};
		741CA84F2510B6A800A98C96 /* Build configuration list for PBXNativeTarget "DraftInfoTests" */ = {
			isa = XCConfigurationList;
			buildConfigurations = (
				741CA8502510B6A800A98C96 /* Debug */,
				741CA8512510B6A800A98C96 /* Release */,
			);
			defaultConfigurationIsVisible = 0;
			defaultConfigurationName = Release;
		};
		741CA8522510B6A800A98C96 /* Build configuration list for PBXNativeTarget "DraftInfoUITests" */ = {
			isa = XCConfigurationList;
			buildConfigurations = (
				741CA8532510B6A800A98C96 /* Debug */,
				741CA8542510B6A800A98C96 /* Release */,
			);
			defaultConfigurationIsVisible = 0;
			defaultConfigurationName = Release;
		};
/* End XCConfigurationList section */
	};
	rootObject = 741CA81A2510B6A600A98C96 /* Project object */;
}
